
Microsoft Visual Studio Solution File, Format Version 12.00
# Visual Studio Version 17
VisualStudioVersion = 17.6.33723.286
MinimumVisualStudioVersion = 10.0.40219.1
Project("{FAE04EC0-301F-11D3-BF4B-00C04F79EFBC}") = "SOLID", "SOLID\SOLID.csproj", "{8508448F-B4BB-4EED-908D-8065C4D64099}"
EndProject
Global
	GlobalSection(SolutionConfigurationPlatforms) = preSolution
		Debug|Any CPU = Debug|Any CPU
		Release|Any CPU = Release|Any CPU
	EndGlobalSection
	GlobalSection(ProjectConfigurationPlatforms) = postSolution
		{8508448F-B4BB-4EED-908D-8065C4D64099}.Debug|Any CPU.ActiveCfg = Debug|Any CPU
		{8508448F-B4BB-4EED-908D-8065C4D64099}.Debug|Any CPU.Build.0 = Debug|Any CPU
		{8508448F-B4BB-4EED-908D-8065C4D64099}.Release|Any CPU.ActiveCfg = Release|Any CPU
		{8508448F-B4BB-4EED-908D-8065C4D64099}.Release|Any CPU.Build.0 = Release|Any CPU
	EndGlobalSection
	GlobalSection(SolutionProperties) = preSolution
		HideSolutionNode = FALSE
	EndGlobalSection
	GlobalSection(ExtensibilityGlobals) = postSolution
		SolutionGuid = {43B14396-6F75-40B6-821D-89C5664B5406}
	EndGlobalSection
EndGlobal
